
Microsoft Visual Studio Solution File, Format Version 12.00
# Visual Studio Version 17
VisualStudioVersion = 17.12.35527.113 d17.12
MinimumVisualStudioVersion = 10.0.40219.1
Project("{2150E333-8FDC-42A3-9474-1A3956D46DE8}") = "Web", "Web", "{51B6CE27-B4D4-4C31-8D86-743FB43A7D4C}"
EndProject
Project("{FAE04EC0-301F-11D3-BF4B-00C04F79EFBC}") = "PS.LinkShortenerMinimalApi.Web", "PS.LinkShortenerMinimalApi.Web\PS.LinkShortenerMinimalApi.Web.csproj", "{FE11EA2B-DE12-4528-BDB4-94EF4267483D}"
EndProject
Global
	GlobalSection(SolutionConfigurationPlatforms) = preSolution
		Debug|Any CPU = Debug|Any CPU
		Release|Any CPU = Release|Any CPU
	EndGlobalSection
	GlobalSection(ProjectConfigurationPlatforms) = postSolution
		{FE11EA2B-DE12-4528-BDB4-94EF4267483D}.Debug|Any CPU.ActiveCfg = Debug|Any CPU
		{FE11EA2B-DE12-4528-BDB4-94EF4267483D}.Debug|Any CPU.Build.0 = Debug|Any CPU
		{FE11EA2B-DE12-4528-BDB4-94EF4267483D}.Release|Any CPU.ActiveCfg = Release|Any CPU
		{FE11EA2B-DE12-4528-BDB4-94EF4267483D}.Release|Any CPU.Build.0 = Release|Any CPU
	EndGlobalSection
	GlobalSection(SolutionProperties) = preSolution
		HideSolutionNode = FALSE
	EndGlobalSection
	GlobalSection(NestedProjects) = preSolution
		{FE11EA2B-DE12-4528-BDB4-94EF4267483D} = {51B6CE27-B4D4-4C31-8D86-743FB43A7D4C}
	EndGlobalSection
EndGlobal
